
Microsoft Visual Studio Solution File, Format Version 12.00
# Visual Studio 15
VisualStudioVersion = 15.0.27703.2042
MinimumVisualStudioVersion = 10.0.40219.1
Project("{9A19103F-16F7-4668-BE54-9A1E7A4F7556}") = "Auto_Parts_2019", "Auto_Parts_2019\Auto_Parts_2019.csproj", "{674DF98A-5AFB-45D3-93A4-8070990FE19B}"
EndProject
Project("{9A19103F-16F7-4668-BE54-9A1E7A4F7556}") = "WebApi", "aspnet-core-jwt-authentication-api\WebApi.csproj", "{DC829F20-DCD9-4FD2-B812-3E873FB9C3AA}"
	ProjectSection(ProjectDependencies) = postProject
		{674DF98A-5AFB-45D3-93A4-8070990FE19B} = {674DF98A-5AFB-45D3-93A4-8070990FE19B}
	EndProjectSection
EndProject
Project("{FAE04EC0-301F-11D3-BF4B-00C04F79EFBC}") = "SetData", "SetData\SetData.csproj", "{75627F5F-6079-4939-8CC1-6FFFC71432C3}"
EndProject
Global
	GlobalSection(SolutionConfigurationPlatforms) = preSolution
		Debug|Any CPU = Debug|Any CPU
		Release|Any CPU = Release|Any CPU
	EndGlobalSection
	GlobalSection(ProjectConfigurationPlatforms) = postSolution
		{674DF98A-5AFB-45D3-93A4-8070990FE19B}.Debug|Any CPU.ActiveCfg = Debug|Any CPU
		{674DF98A-5AFB-45D3-93A4-8070990FE19B}.Debug|Any CPU.Build.0 = Debug|Any CPU
		{674DF98A-5AFB-45D3-93A4-8070990FE19B}.Release|Any CPU.ActiveCfg = Release|Any CPU
		{674DF98A-5AFB-45D3-93A4-8070990FE19B}.Release|Any CPU.Build.0 = Release|Any CPU
		{DC829F20-DCD9-4FD2-B812-3E873FB9C3AA}.Debug|Any CPU.ActiveCfg = Debug|Any CPU
		{DC829F20-DCD9-4FD2-B812-3E873FB9C3AA}.Debug|Any CPU.Build.0 = Debug|Any CPU
		{DC829F20-DCD9-4FD2-B812-3E873FB9C3AA}.Release|Any CPU.ActiveCfg = Release|Any CPU
		{DC829F20-DCD9-4FD2-B812-3E873FB9C3AA}.Release|Any CPU.Build.0 = Release|Any CPU
		{75627F5F-6079-4939-8CC1-6FFFC71432C3}.Debug|Any CPU.ActiveCfg = Debug|Any CPU
		{75627F5F-6079-4939-8CC1-6FFFC71432C3}.Debug|Any CPU.Build.0 = Debug|Any CPU
		{75627F5F-6079-4939-8CC1-6FFFC71432C3}.Release|Any CPU.ActiveCfg = Release|Any CPU
		{75627F5F-6079-4939-8CC1-6FFFC71432C3}.Release|Any CPU.Build.0 = Release|Any CPU
	EndGlobalSection
	GlobalSection(SolutionProperties) = preSolution
		HideSolutionNode = FALSE
	EndGlobalSection
	GlobalSection(ExtensibilityGlobals) = postSolution
		SolutionGuid = {D368AA9E-2BD5-44DF-98FA-34F7E898F507}
	EndGlobalSection
EndGlobal
